
Microsoft Visual Studio Solution File, Format Version 12.00
# Visual Studio 2013
VisualStudioVersion = 12.0.30324.0
MinimumVisualStudioVersion = 10.0.40219.1
Project("{FAE04EC0-301F-11D3-BF4B-00C04F79EFBC}") = "Hogan.Utilities", "Hogan.Utilities.Pdf\Hogan.Utilities.csproj", "{ED35F1EF-4CB0-4475-B329-16F596434293}"
EndProject
Project("{FAE04EC0-301F-11D3-BF4B-00C04F79EFBC}") = "Website", "Website\Website.csproj", "{A1FF061F-8A47-4BD1-9680-0C9C37E4F56A}"
EndProject
Project("{FAE04EC0-301F-11D3-BF4B-00C04F79EFBC}") = "Hcs.Data.Repository", "Hcs.Data.Repository\Hcs.Data.Repository.csproj", "{0F729A49-9B19-434F-A0EA-D1613D4B432E}"
EndProject
Project("{FAE04EC0-301F-11D3-BF4B-00C04F79EFBC}") = "Hcs.Domain.Entities", "Hcs.Data.Entities\Hcs.Domain.Entities.csproj", "{BA288E23-4614-4691-92DB-4B27D0183D6C}"
EndProject
Project("{2150E333-8FDC-42A3-9474-1A3956D46DE8}") = ".nuget", ".nuget", "{ED57ECDE-FDCB-4A27-88B4-F8C3C0474F12}"
	ProjectSection(SolutionItems) = preProject
		.nuget\packages.config = .nuget\packages.config
	EndProjectSection
EndProject
Global
	GlobalSection(SolutionConfigurationPlatforms) = preSolution
		Debug|Any CPU = Debug|Any CPU
		Release|Any CPU = Release|Any CPU
	EndGlobalSection
	GlobalSection(ProjectConfigurationPlatforms) = postSolution
		{ED35F1EF-4CB0-4475-B329-16F596434293}.Debug|Any CPU.ActiveCfg = Debug|Any CPU
		{ED35F1EF-4CB0-4475-B329-16F596434293}.Debug|Any CPU.Build.0 = Debug|Any CPU
		{ED35F1EF-4CB0-4475-B329-16F596434293}.Release|Any CPU.ActiveCfg = Release|Any CPU
		{ED35F1EF-4CB0-4475-B329-16F596434293}.Release|Any CPU.Build.0 = Release|Any CPU
		{A1FF061F-8A47-4BD1-9680-0C9C37E4F56A}.Debug|Any CPU.ActiveCfg = Debug|Any CPU
		{A1FF061F-8A47-4BD1-9680-0C9C37E4F56A}.Debug|Any CPU.Build.0 = Debug|Any CPU
		{A1FF061F-8A47-4BD1-9680-0C9C37E4F56A}.Release|Any CPU.ActiveCfg = Release|Any CPU
		{A1FF061F-8A47-4BD1-9680-0C9C37E4F56A}.Release|Any CPU.Build.0 = Release|Any CPU
		{0F729A49-9B19-434F-A0EA-D1613D4B432E}.Debug|Any CPU.ActiveCfg = Debug|Any CPU
		{0F729A49-9B19-434F-A0EA-D1613D4B432E}.Debug|Any CPU.Build.0 = Debug|Any CPU
		{0F729A49-9B19-434F-A0EA-D1613D4B432E}.Release|Any CPU.ActiveCfg = Release|Any CPU
		{0F729A49-9B19-434F-A0EA-D1613D4B432E}.Release|Any CPU.Build.0 = Release|Any CPU
		{BA288E23-4614-4691-92DB-4B27D0183D6C}.Debug|Any CPU.ActiveCfg = Debug|Any CPU
		{BA288E23-4614-4691-92DB-4B27D0183D6C}.Debug|Any CPU.Build.0 = Debug|Any CPU
		{BA288E23-4614-4691-92DB-4B27D0183D6C}.Release|Any CPU.ActiveCfg = Release|Any CPU
		{BA288E23-4614-4691-92DB-4B27D0183D6C}.Release|Any CPU.Build.0 = Release|Any CPU
	EndGlobalSection
	GlobalSection(SolutionProperties) = preSolution
		HideSolutionNode = FALSE
	EndGlobalSection
EndGlobal
